
Microsoft Visual Studio Solution File, Format Version 12.00
# Visual Studio Version 17
VisualStudioVersion = 17.8.34525.116
MinimumVisualStudioVersion = 10.0.40219.1
Project("{FAE04EC0-301F-11D3-BF4B-00C04F79EFBC}") = "BD5", "BD5\BD5.csproj", "{53297906-CD9C-4A5D-A2AD-93A549BFD358}"
EndProject
Global
	GlobalSection(SolutionConfigurationPlatforms) = preSolution
		Debug|Any CPU = Debug|Any CPU
		Release|Any CPU = Release|Any CPU
	EndGlobalSection
	GlobalSection(ProjectConfigurationPlatforms) = postSolution
		{53297906-CD9C-4A5D-A2AD-93A549BFD358}.Debug|Any CPU.ActiveCfg = Debug|Any CPU
		{53297906-CD9C-4A5D-A2AD-93A549BFD358}.Debug|Any CPU.Build.0 = Debug|Any CPU
		{53297906-CD9C-4A5D-A2AD-93A549BFD358}.Release|Any CPU.ActiveCfg = Release|Any CPU
		{53297906-CD9C-4A5D-A2AD-93A549BFD358}.Release|Any CPU.Build.0 = Release|Any CPU
	EndGlobalSection
	GlobalSection(SolutionProperties) = preSolution
		HideSolutionNode = FALSE
	EndGlobalSection
	GlobalSection(ExtensibilityGlobals) = postSolution
		SolutionGuid = {EB112D48-603C-4002-8553-25EE5522D77A}
	EndGlobalSection
EndGlobal
